
Microsoft Visual Studio Solution File, Format Version 12.00
# Visual Studio Version 16
VisualStudioVersion = 16.0.30413.136
MinimumVisualStudioVersion = 10.0.40219.1
Project("{FAE04EC0-301F-11D3-BF4B-00C04F79EFBC}") = "EpEren.Crawler.Radios", "EpEren.Crawler.Radios\EpEren.Crawler.Radios.csproj", "{CC9A75E6-7CD7-42A9-8BF2-0FB53F4E028E}"
EndProject
Global
	GlobalSection(SolutionConfigurationPlatforms) = preSolution
		Debug|Any CPU = Debug|Any CPU
		Release|Any CPU = Release|Any CPU
	EndGlobalSection
	GlobalSection(ProjectConfigurationPlatforms) = postSolution
		{CC9A75E6-7CD7-42A9-8BF2-0FB53F4E028E}.Debug|Any CPU.ActiveCfg = Debug|Any CPU
		{CC9A75E6-7CD7-42A9-8BF2-0FB53F4E028E}.Debug|Any CPU.Build.0 = Debug|Any CPU
		{CC9A75E6-7CD7-42A9-8BF2-0FB53F4E028E}.Release|Any CPU.ActiveCfg = Release|Any CPU
		{CC9A75E6-7CD7-42A9-8BF2-0FB53F4E028E}.Release|Any CPU.Build.0 = Release|Any CPU
	EndGlobalSection
	GlobalSection(SolutionProperties) = preSolution
		HideSolutionNode = FALSE
	EndGlobalSection
	GlobalSection(ExtensibilityGlobals) = postSolution
		SolutionGuid = {A3514CDD-EE66-492E-B9E8-F3F68C18C2EC}
	EndGlobalSection
EndGlobal
